
Microsoft Visual Studio Solution File, Format Version 12.00
# Visual Studio 15
VisualStudioVersion = 15.0.28307.271
MinimumVisualStudioVersion = 10.0.40219.1
Project("{FAE04EC0-301F-11D3-BF4B-00C04F79EFBC}") = "InertiaByZeinekken", "InertiaByZeinekken\InertiaByZeinekken.csproj", "{D6D806D0-99B3-4FFD-A2D8-CA864EA6B7CA}"
EndProject
Global
	GlobalSection(SolutionConfigurationPlatforms) = preSolution
		Debug|Any CPU = Debug|Any CPU
		Release|Any CPU = Release|Any CPU
	EndGlobalSection
	GlobalSection(ProjectConfigurationPlatforms) = postSolution
		{D6D806D0-99B3-4FFD-A2D8-CA864EA6B7CA}.Debug|Any CPU.ActiveCfg = Debug|Any CPU
		{D6D806D0-99B3-4FFD-A2D8-CA864EA6B7CA}.Debug|Any CPU.Build.0 = Debug|Any CPU
		{D6D806D0-99B3-4FFD-A2D8-CA864EA6B7CA}.Release|Any CPU.ActiveCfg = Release|Any CPU
		{D6D806D0-99B3-4FFD-A2D8-CA864EA6B7CA}.Release|Any CPU.Build.0 = Release|Any CPU
	EndGlobalSection
	GlobalSection(SolutionProperties) = preSolution
		HideSolutionNode = FALSE
	EndGlobalSection
	GlobalSection(ExtensibilityGlobals) = postSolution
		SolutionGuid = {E4218DEA-08C1-47B9-A5CD-E9A27F9B0F6D}
	EndGlobalSection
EndGlobal
